
Microsoft Visual Studio Solution File, Format Version 12.00
# Visual Studio Version 17
VisualStudioVersion = 17.7.34003.232
MinimumVisualStudioVersion = 10.0.40219.1
Project("{9A19103F-16F7-4668-BE54-9A1E7A4F7556}") = "CaseFichasMedicas.Server", "Server\CaseFichasMedicas.Server.csproj", "{A8175E2B-39B0-46C1-BD73-ABF618A40A77}"
EndProject
Project("{9A19103F-16F7-4668-BE54-9A1E7A4F7556}") = "CaseFichasMedicas.Client", "Client\CaseFichasMedicas.Client.csproj", "{F7F89BFB-BB65-4E2A-AD34-C3861EA70F49}"
EndProject
Project("{9A19103F-16F7-4668-BE54-9A1E7A4F7556}") = "CaseFichasMedicas.Shared", "Shared\CaseFichasMedicas.Shared.csproj", "{C7AA3519-677B-4C38-B576-A5FD3554CF4C}"
EndProject
Global
	GlobalSection(SolutionConfigurationPlatforms) = preSolution
		Debug|Any CPU = Debug|Any CPU
		Release|Any CPU = Release|Any CPU
	EndGlobalSection
	GlobalSection(ProjectConfigurationPlatforms) = postSolution
		{A8175E2B-39B0-46C1-BD73-ABF618A40A77}.Debug|Any CPU.ActiveCfg = Debug|Any CPU
		{A8175E2B-39B0-46C1-BD73-ABF618A40A77}.Debug|Any CPU.Build.0 = Debug|Any CPU
		{A8175E2B-39B0-46C1-BD73-ABF618A40A77}.Release|Any CPU.ActiveCfg = Release|Any CPU
		{A8175E2B-39B0-46C1-BD73-ABF618A40A77}.Release|Any CPU.Build.0 = Release|Any CPU
		{F7F89BFB-BB65-4E2A-AD34-C3861EA70F49}.Debug|Any CPU.ActiveCfg = Debug|Any CPU
		{F7F89BFB-BB65-4E2A-AD34-C3861EA70F49}.Debug|Any CPU.Build.0 = Debug|Any CPU
		{F7F89BFB-BB65-4E2A-AD34-C3861EA70F49}.Release|Any CPU.ActiveCfg = Release|Any CPU
		{F7F89BFB-BB65-4E2A-AD34-C3861EA70F49}.Release|Any CPU.Build.0 = Release|Any CPU
		{C7AA3519-677B-4C38-B576-A5FD3554CF4C}.Debug|Any CPU.ActiveCfg = Debug|Any CPU
		{C7AA3519-677B-4C38-B576-A5FD3554CF4C}.Debug|Any CPU.Build.0 = Debug|Any CPU
		{C7AA3519-677B-4C38-B576-A5FD3554CF4C}.Release|Any CPU.ActiveCfg = Release|Any CPU
		{C7AA3519-677B-4C38-B576-A5FD3554CF4C}.Release|Any CPU.Build.0 = Release|Any CPU
	EndGlobalSection
	GlobalSection(SolutionProperties) = preSolution
		HideSolutionNode = FALSE
	EndGlobalSection
	GlobalSection(ExtensibilityGlobals) = postSolution
		SolutionGuid = {4BDAE31A-5444-468E-90AA-B8225D6EB4E7}
	EndGlobalSection
EndGlobal
